// !$*UTF8*$!
{
	archiveVersion = 1;
	classes = {
	};
	objectVersion = 55;
	objects = {

/* Begin PBXBuildFile section */
		047BD44AE88ED528EB57034B /* LeeSeoyun.otf in Resources */ = {isa = PBXBuildFile; fileRef = 518272FB82D2FA3AE57FF3B6 /* LeeSeoyun.otf */; };
		0D199DA2672B80CB771317A6 /* .gitkeep in Resources */ = {isa = PBXBuildFile; fileRef = 095B9A99B05C71119D941B09 /* .gitkeep */; };
		1EE4164BE4341D7B4A0FE8E6 /* SimKyungha.otf in Resources */ = {isa = PBXBuildFile; fileRef = 0EEDE689080917EDEDAB3B45 /* SimKyungha.otf */; };
		2C2A6F1B0843699ACFE53D23 /* TuistFonts+DesignSystem.swift in Sources */ = {isa = PBXBuildFile; fileRef = 1489E7809DA4DADA471C2CDC /* TuistFonts+DesignSystem.swift */; };
		48209CAB561073BF7B52F930 /* Thema.swift in Sources */ = {isa = PBXBuildFile; fileRef = 80ED18A343BB5D05A1372C7B /* Thema.swift */; };
		4A70FCBD6490227B914F0BD3 /* Color.swift in Sources */ = {isa = PBXBuildFile; fileRef = B986F61084D538252FF68FE8 /* Color.swift */; };
		622533857E0A04FBCC5AD4CA /* Assets.xcassets in Resources */ = {isa = PBXBuildFile; fileRef = 11519A6162870140692B04E6 /* Assets.xcassets */; };
		8081F39D126E336E23CD650E /* Reusable.swift in Sources */ = {isa = PBXBuildFile; fileRef = B97DEE810CCC70A2646E9705 /* Reusable.swift */; };
		82E106CE9C755F5C1C9D0080 /* ThirdPartyLibrary.framework in Frameworks */ = {isa = PBXBuildFile; fileRef = 1CA9E89FEB58ADE454BF0BC5 /* ThirdPartyLibrary.framework */; };
		86658B563C21F49740900508 /* BaseViewController.swift in Sources */ = {isa = PBXBuildFile; fileRef = E2AE83F3E6C7699DE8B4B889 /* BaseViewController.swift */; };
		89C354B8B4A2561ABC441A2A /* FontThema.swift in Sources */ = {isa = PBXBuildFile; fileRef = BC7E7A8936E709A82C18BAEB /* FontThema.swift */; };
		9AD5B6C46690ED961A9797EF /* Image.swift in Sources */ = {isa = PBXBuildFile; fileRef = 75801DDAEC438F04B5DE778E /* Image.swift */; };
		A36FFCF125FDB24D1F1C2FAD /* AlertView.swift in Sources */ = {isa = PBXBuildFile; fileRef = 8B0DA7A4C8BC1D7B42383011 /* AlertView.swift */; };
		ABB14811E13F7B1ECCF8B086 /* TuistAssets+DesignSystem.swift in Sources */ = {isa = PBXBuildFile; fileRef = A5263BC75B281154AC0B5A7B /* TuistAssets+DesignSystem.swift */; };
		B3BBA9715BF3E265E75A9478 /* GwangwonEduAll-Bold.otf in Resources */ = {isa = PBXBuildFile; fileRef = 68B74AC1729750413760672D /* GwangwonEduAll-Bold.otf */; };
		B4015A93CC86F54C3B97724F /* BaseCollectionViewCell.swift in Sources */ = {isa = PBXBuildFile; fileRef = 7A04E264DF1B680FEC62E0BE /* BaseCollectionViewCell.swift */; };
		B59633EB81C20431E23874D5 /* DesignSystemModule.swift in Sources */ = {isa = PBXBuildFile; fileRef = F8244D617982D8224603BE09 /* DesignSystemModule.swift */; };
		C0855C0A2DC860A01F7361E3 /* UhBee BEOJJI.ttf in Resources */ = {isa = PBXBuildFile; fileRef = 03AFC0925A704856AE3D6D55 /* UhBee BEOJJI.ttf */; };
		C438E92FA9121880084AE9AA /* DesignSystem.framework in Frameworks */ = {isa = PBXBuildFile; fileRef = 69B7BBEAD5472C7195924AC8 /* DesignSystem.framework */; };
		C80901BAEB8E2B031C9611F9 /* BaseView.swift in Sources */ = {isa = PBXBuildFile; fileRef = B9D56B25C75A1E3190DBFF05 /* BaseView.swift */; };
		CBBC99B35B12602ED84B9B9A /* CircularProgress.swift in Sources */ = {isa = PBXBuildFile; fileRef = DF0E6BE5B9FD961D44303FCC /* CircularProgress.swift */; };
		EB90794A4A1811BF8C86DDB4 /* UhBee BEOJJI Bold.ttf in Resources */ = {isa = PBXBuildFile; fileRef = 49E2F3705E4D74E6FE0DD156 /* UhBee BEOJJI Bold.ttf */; };
		EEEE053BBE631ED0FB64BDFB /* Font.swift in Sources */ = {isa = PBXBuildFile; fileRef = 662412BC116B0F0F76D8C6A9 /* Font.swift */; };
		F3C9FD2B222B73DF293868D2 /* FontRegistration.swift in Sources */ = {isa = PBXBuildFile; fileRef = A851E38823A8D5C7A621A351 /* FontRegistration.swift */; };
		F6018B5F7748E322214C52D6 /* TuistBundle+DesignSystem.swift in Sources */ = {isa = PBXBuildFile; fileRef = BE4AD9735556ECA8C8008FEC /* TuistBundle+DesignSystem.swift */; };
		F98D30ECD0680DE9987728F1 /* BaseTableViewCell.swift in Sources */ = {isa = PBXBuildFile; fileRef = 7D44B2CCC000E574D8AB99B4 /* BaseTableViewCell.swift */; };
/* End PBXBuildFile section */

/* Begin PBXContainerItemProxy section */
		780AF5A021DE23D585EE2ED6 /* PBXContainerItemProxy */ = {
			isa = PBXContainerItemProxy;
			containerPortal = F639F9585E77B0BBBB642E14 /* Project object */;
			proxyType = 1;
			remoteGlobalIDString = 83C9B5D1938C22907FF6E247;
			remoteInfo = DesignSystem;
		};
/* End PBXContainerItemProxy section */

/* Begin PBXCopyFilesBuildPhase section */
		49C4A8593835DDF36FBC2A05 /* Embed Frameworks */ = {
			isa = PBXCopyFilesBuildPhase;
			buildActionMask = 2147483647;
			dstPath = "";
			dstSubfolderSpec = 10;
			files = (
			);
			name = "Embed Frameworks";
			runOnlyForDeploymentPostprocessing = 0;
		};
		F2166D77A31A58D48E2556FF /* Embed Frameworks */ = {
			isa = PBXCopyFilesBuildPhase;
			buildActionMask = 2147483647;
			dstPath = "";
			dstSubfolderSpec = 10;
			files = (
			);
			name = "Embed Frameworks";
			runOnlyForDeploymentPostprocessing = 0;
		};
/* End PBXCopyFilesBuildPhase section */

/* Begin PBXFileReference section */
		03AFC0925A704856AE3D6D55 /* UhBee BEOJJI.ttf */ = {isa = PBXFileReference; lastKnownFileType = file; path = "UhBee BEOJJI.ttf"; sourceTree = "<group>"; };
		095B9A99B05C71119D941B09 /* .gitkeep */ = {isa = PBXFileReference; path = .gitkeep; sourceTree = "<group>"; };
		0EEDE689080917EDEDAB3B45 /* SimKyungha.otf */ = {isa = PBXFileReference; lastKnownFileType = file; path = SimKyungha.otf; sourceTree = "<group>"; };
		11519A6162870140692B04E6 /* Assets.xcassets */ = {isa = PBXFileReference; lastKnownFileType = folder.assetcatalog; path = Assets.xcassets; sourceTree = "<group>"; };
		1489E7809DA4DADA471C2CDC /* TuistFonts+DesignSystem.swift */ = {isa = PBXFileReference; lastKnownFileType = sourcecode.swift; path = "TuistFonts+DesignSystem.swift"; sourceTree = "<group>"; };
		1CA9E89FEB58ADE454BF0BC5 /* ThirdPartyLibrary.framework */ = {isa = PBXFileReference; explicitFileType = wrapper.framework; includeInIndex = 0; path = ThirdPartyLibrary.framework; sourceTree = BUILT_PRODUCTS_DIR; };
		469F4B641DBB710B1B90BAD8 /* DesignSystemTests-Info.plist */ = {isa = PBXFileReference; lastKnownFileType = text.plist; path = "DesignSystemTests-Info.plist"; sourceTree = "<group>"; };
		49E2F3705E4D74E6FE0DD156 /* UhBee BEOJJI Bold.ttf */ = {isa = PBXFileReference; lastKnownFileType = file; path = "UhBee BEOJJI Bold.ttf"; sourceTree = "<group>"; };
		518272FB82D2FA3AE57FF3B6 /* LeeSeoyun.otf */ = {isa = PBXFileReference; lastKnownFileType = file; path = LeeSeoyun.otf; sourceTree = "<group>"; };
		662412BC116B0F0F76D8C6A9 /* Font.swift */ = {isa = PBXFileReference; lastKnownFileType = sourcecode.swift; path = Font.swift; sourceTree = "<group>"; };
		68B74AC1729750413760672D /* GwangwonEduAll-Bold.otf */ = {isa = PBXFileReference; lastKnownFileType = file; path = "GwangwonEduAll-Bold.otf"; sourceTree = "<group>"; };
		69B7BBEAD5472C7195924AC8 /* DesignSystem.framework */ = {isa = PBXFileReference; explicitFileType = wrapper.framework; includeInIndex = 0; path = DesignSystem.framework; sourceTree = BUILT_PRODUCTS_DIR; };
		75801DDAEC438F04B5DE778E /* Image.swift */ = {isa = PBXFileReference; lastKnownFileType = sourcecode.swift; path = Image.swift; sourceTree = "<group>"; };
		7A04E264DF1B680FEC62E0BE /* BaseCollectionViewCell.swift */ = {isa = PBXFileReference; lastKnownFileType = sourcecode.swift; path = BaseCollectionViewCell.swift; sourceTree = "<group>"; };
		7D44B2CCC000E574D8AB99B4 /* BaseTableViewCell.swift */ = {isa = PBXFileReference; lastKnownFileType = sourcecode.swift; path = BaseTableViewCell.swift; sourceTree = "<group>"; };
		80ED18A343BB5D05A1372C7B /* Thema.swift */ = {isa = PBXFileReference; lastKnownFileType = sourcecode.swift; path = Thema.swift; sourceTree = "<group>"; };
		8937FA9427EEA938B58C5B3E /* DesignSystem-Info.plist */ = {isa = PBXFileReference; lastKnownFileType = text.plist; path = "DesignSystem-Info.plist"; sourceTree = "<group>"; };
		8B0DA7A4C8BC1D7B42383011 /* AlertView.swift */ = {isa = PBXFileReference; lastKnownFileType = sourcecode.swift; path = AlertView.swift; sourceTree = "<group>"; };
		A5263BC75B281154AC0B5A7B /* TuistAssets+DesignSystem.swift */ = {isa = PBXFileReference; lastKnownFileType = sourcecode.swift; path = "TuistAssets+DesignSystem.swift"; sourceTree = "<group>"; };
		A851E38823A8D5C7A621A351 /* FontRegistration.swift */ = {isa = PBXFileReference; lastKnownFileType = sourcecode.swift; path = FontRegistration.swift; sourceTree = "<group>"; };
		B97DEE810CCC70A2646E9705 /* Reusable.swift */ = {isa = PBXFileReference; lastKnownFileType = sourcecode.swift; path = Reusable.swift; sourceTree = "<group>"; };
		B986F61084D538252FF68FE8 /* Color.swift */ = {isa = PBXFileReference; lastKnownFileType = sourcecode.swift; path = Color.swift; sourceTree = "<group>"; };
		B9D56B25C75A1E3190DBFF05 /* BaseView.swift */ = {isa = PBXFileReference; lastKnownFileType = sourcecode.swift; path = BaseView.swift; sourceTree = "<group>"; };
		BC7E7A8936E709A82C18BAEB /* FontThema.swift */ = {isa = PBXFileReference; lastKnownFileType = sourcecode.swift; path = FontThema.swift; sourceTree = "<group>"; };
		BE4AD9735556ECA8C8008FEC /* TuistBundle+DesignSystem.swift */ = {isa = PBXFileReference; lastKnownFileType = sourcecode.swift; path = "TuistBundle+DesignSystem.swift"; sourceTree = "<group>"; };
		DF0E6BE5B9FD961D44303FCC /* CircularProgress.swift */ = {isa = PBXFileReference; lastKnownFileType = sourcecode.swift; path = CircularProgress.swift; sourceTree = "<group>"; };
		E2AE83F3E6C7699DE8B4B889 /* BaseViewController.swift */ = {isa = PBXFileReference; lastKnownFileType = sourcecode.swift; path = BaseViewController.swift; sourceTree = "<group>"; };
		ECAFBD3892447294C1342932 /* DesignSystemTests.xctest */ = {isa = PBXFileReference; explicitFileType = wrapper.cfbundle; includeInIndex = 0; path = DesignSystemTests.xctest; sourceTree = BUILT_PRODUCTS_DIR; };
		F8244D617982D8224603BE09 /* DesignSystemModule.swift */ = {isa = PBXFileReference; lastKnownFileType = sourcecode.swift; path = DesignSystemModule.swift; sourceTree = "<group>"; };
/* End PBXFileReference section */

/* Begin PBXFrameworksBuildPhase section */
		21D2E38EFDFDB350406F7982 /* Frameworks */ = {
			isa = PBXFrameworksBuildPhase;
			buildActionMask = 2147483647;
			files = (
				82E106CE9C755F5C1C9D0080 /* ThirdPartyLibrary.framework in Frameworks */,
			);
			runOnlyForDeploymentPostprocessing = 0;
		};
		49CB8920B5AE9ECAFBA0D86F /* Frameworks */ = {
			isa = PBXFrameworksBuildPhase;
			buildActionMask = 2147483647;
			files = (
				C438E92FA9121880084AE9AA /* DesignSystem.framework in Frameworks */,
			);
			runOnlyForDeploymentPostprocessing = 0;
		};
/* End PBXFrameworksBuildPhase section */

/* Begin PBXGroup section */
		07D4054EE7B9DB6BB5FB6D74 /* Literal */ = {
			isa = PBXGroup;
			children = (
				B986F61084D538252FF68FE8 /* Color.swift */,
				662412BC116B0F0F76D8C6A9 /* Font.swift */,
				BC7E7A8936E709A82C18BAEB /* FontThema.swift */,
				75801DDAEC438F04B5DE778E /* Image.swift */,
				80ED18A343BB5D05A1372C7B /* Thema.swift */,
			);
			path = Literal;
			sourceTree = "<group>";
		};
		0E1288659896D0CFF98DA5AA /* Sources */ = {
			isa = PBXGroup;
			children = (
				4A42DEE7BED1F94A8D24CA64 /* BaseObject */,
				7C91FEE9398DCDF1B0858F56 /* CustomComponent */,
				D1BA87126642E808B6CCDD49 /* FontRegister */,
				07D4054EE7B9DB6BB5FB6D74 /* Literal */,
				8C67F64C3A6667C83348448F /* Reusable */,
				F8244D617982D8224603BE09 /* DesignSystemModule.swift */,
			);
			path = Sources;
			sourceTree = "<group>";
		};
		0F57F47C2D6FFD75C761BE24 /* UhBeeFont */ = {
			isa = PBXGroup;
			children = (
				49E2F3705E4D74E6FE0DD156 /* UhBee BEOJJI Bold.ttf */,
				03AFC0925A704856AE3D6D55 /* UhBee BEOJJI.ttf */,
			);
			path = UhBeeFont;
			sourceTree = "<group>";
		};
		2055E8D9D7E1CC1801402528 /* Asset */ = {
			isa = PBXGroup;
			children = (
				11519A6162870140692B04E6 /* Assets.xcassets */,
			);
			path = Asset;
			sourceTree = "<group>";
		};
		2BB59E843B58BD9FFF395FEA /* Project */ = {
			isa = PBXGroup;
			children = (
				8753C5EB21B15584438290E8 /* Derived */,
				9C29548CCBEAF62FB7951500 /* Resources */,
				0E1288659896D0CFF98DA5AA /* Sources */,
			);
			name = Project;
			sourceTree = "<group>";
		};
		4A42DEE7BED1F94A8D24CA64 /* BaseObject */ = {
			isa = PBXGroup;
			children = (
				7A04E264DF1B680FEC62E0BE /* BaseCollectionViewCell.swift */,
				7D44B2CCC000E574D8AB99B4 /* BaseTableViewCell.swift */,
				B9D56B25C75A1E3190DBFF05 /* BaseView.swift */,
				E2AE83F3E6C7699DE8B4B889 /* BaseViewController.swift */,
			);
			path = BaseObject;
			sourceTree = "<group>";
		};
		7C91FEE9398DCDF1B0858F56 /* CustomComponent */ = {
			isa = PBXGroup;
			children = (
				8B0DA7A4C8BC1D7B42383011 /* AlertView.swift */,
				DF0E6BE5B9FD961D44303FCC /* CircularProgress.swift */,
			);
			path = CustomComponent;
			sourceTree = "<group>";
		};
		82664F67710540CBDEBE5B11 /* Products */ = {
			isa = PBXGroup;
			children = (
				69B7BBEAD5472C7195924AC8 /* DesignSystem.framework */,
				ECAFBD3892447294C1342932 /* DesignSystemTests.xctest */,
				1CA9E89FEB58ADE454BF0BC5 /* ThirdPartyLibrary.framework */,
			);
			name = Products;
			sourceTree = "<group>";
		};
		8753C5EB21B15584438290E8 /* Derived */ = {
			isa = PBXGroup;
			children = (
				F2F0D6EECE384EBEC3AFDEB4 /* InfoPlists */,
				D5FD3537E28AE857DC09D214 /* Sources */,
			);
			path = Derived;
			sourceTree = "<group>";
		};
		8C67F64C3A6667C83348448F /* Reusable */ = {
			isa = PBXGroup;
			children = (
				B97DEE810CCC70A2646E9705 /* Reusable.swift */,
			);
			path = Reusable;
			sourceTree = "<group>";
		};
		923ECEBF4E7D2984D049B978 /* KunghaFont */ = {
			isa = PBXGroup;
			children = (
				0EEDE689080917EDEDAB3B45 /* SimKyungha.otf */,
			);
			path = KunghaFont;
			sourceTree = "<group>";
		};
		9745F71BD50B4C3302EE9C9E /* SeoyunFont */ = {
			isa = PBXGroup;
			children = (
				518272FB82D2FA3AE57FF3B6 /* LeeSeoyun.otf */,
			);
			path = SeoyunFont;
			sourceTree = "<group>";
		};
		9C29548CCBEAF62FB7951500 /* Resources */ = {
			isa = PBXGroup;
			children = (
				2055E8D9D7E1CC1801402528 /* Asset */,
				B26E41B36113DA07FB8E0185 /* Font */,
				095B9A99B05C71119D941B09 /* .gitkeep */,
			);
			path = Resources;
			sourceTree = "<group>";
		};
		B26E41B36113DA07FB8E0185 /* Font */ = {
			isa = PBXGroup;
			children = (
				C54BDFF1433A966FCB80FD0A /* GangwonFont */,
				923ECEBF4E7D2984D049B978 /* KunghaFont */,
				9745F71BD50B4C3302EE9C9E /* SeoyunFont */,
				0F57F47C2D6FFD75C761BE24 /* UhBeeFont */,
			);
			path = Font;
			sourceTree = "<group>";
		};
		C54BDFF1433A966FCB80FD0A /* GangwonFont */ = {
			isa = PBXGroup;
			children = (
				68B74AC1729750413760672D /* GwangwonEduAll-Bold.otf */,
			);
			path = GangwonFont;
			sourceTree = "<group>";
		};
		D1BA87126642E808B6CCDD49 /* FontRegister */ = {
			isa = PBXGroup;
			children = (
				A851E38823A8D5C7A621A351 /* FontRegistration.swift */,
			);
			path = FontRegister;
			sourceTree = "<group>";
		};
		D5FD3537E28AE857DC09D214 /* Sources */ = {
			isa = PBXGroup;
			children = (
				A5263BC75B281154AC0B5A7B /* TuistAssets+DesignSystem.swift */,
				BE4AD9735556ECA8C8008FEC /* TuistBundle+DesignSystem.swift */,
				1489E7809DA4DADA471C2CDC /* TuistFonts+DesignSystem.swift */,
			);
			path = Sources;
			sourceTree = "<group>";
		};
		EC9821EEC8CC800276475F6C = {
			isa = PBXGroup;
			children = (
				2BB59E843B58BD9FFF395FEA /* Project */,
				82664F67710540CBDEBE5B11 /* Products */,
			);
			sourceTree = "<group>";
		};
		F2F0D6EECE384EBEC3AFDEB4 /* InfoPlists */ = {
			isa = PBXGroup;
			children = (
				8937FA9427EEA938B58C5B3E /* DesignSystem-Info.plist */,
				469F4B641DBB710B1B90BAD8 /* DesignSystemTests-Info.plist */,
			);
			path = InfoPlists;
			sourceTree = "<group>";
		};
/* End PBXGroup section */

/* Begin PBXNativeTarget section */
		0F708BB592F173C2660727CA /* DesignSystemTests */ = {
			isa = PBXNativeTarget;
			buildConfigurationList = F949D06F1040638E855626C4 /* Build configuration list for PBXNativeTarget "DesignSystemTests" */;
			buildPhases = (
				8836997EA64CE056B14C043C /* Resources */,
				49CB8920B5AE9ECAFBA0D86F /* Frameworks */,
				F2166D77A31A58D48E2556FF /* Embed Frameworks */,
			);
			buildRules = (
			);
			dependencies = (
				C3373F47F3B553009386B333 /* PBXTargetDependency */,
			);
			name = DesignSystemTests;
			packageProductDependencies = (
			);
			productName = DesignSystemTests;
			productReference = ECAFBD3892447294C1342932 /* DesignSystemTests.xctest */;
			productType = "com.apple.product-type.bundle.unit-test";
		};
		83C9B5D1938C22907FF6E247 /* DesignSystem */ = {
			isa = PBXNativeTarget;
			buildConfigurationList = FDE90610E9DF3345CFC83326 /* Build configuration list for PBXNativeTarget "DesignSystem" */;
			buildPhases = (
				BA6DF36C53063F00B80115EA /* Sources */,
				510D3A5EADC65A3BE366D353 /* Resources */,
				21D2E38EFDFDB350406F7982 /* Frameworks */,
				49C4A8593835DDF36FBC2A05 /* Embed Frameworks */,
			);
			buildRules = (
			);
			dependencies = (
			);
			name = DesignSystem;
			packageProductDependencies = (
			);
			productName = DesignSystem;
			productReference = 69B7BBEAD5472C7195924AC8 /* DesignSystem.framework */;
			productType = "com.apple.product-type.framework";
		};
/* End PBXNativeTarget section */

/* Begin PBXProject section */
		F639F9585E77B0BBBB642E14 /* Project object */ = {
			isa = PBXProject;
			attributes = {
				BuildIndependentTargetsInParallel = YES;
				ORGANIZATIONNAME = Den;
			};
			buildConfigurationList = 5C0CBBA2BFE0CEE21375AF0A /* Build configuration list for PBXProject "DesignSystem" */;
			compatibilityVersion = "Xcode 14.0";
			developmentRegion = en;
			hasScannedForEncodings = 0;
			knownRegions = (
				Base,
				en,
			);
			mainGroup = EC9821EEC8CC800276475F6C;
			productRefGroup = 82664F67710540CBDEBE5B11 /* Products */;
			projectDirPath = "";
			projectRoot = "";
			targets = (
				83C9B5D1938C22907FF6E247 /* DesignSystem */,
				0F708BB592F173C2660727CA /* DesignSystemTests */,
			);
		};
/* End PBXProject section */

/* Begin PBXResourcesBuildPhase section */
		510D3A5EADC65A3BE366D353 /* Resources */ = {
			isa = PBXResourcesBuildPhase;
			buildActionMask = 2147483647;
			files = (
				0D199DA2672B80CB771317A6 /* .gitkeep in Resources */,
				622533857E0A04FBCC5AD4CA /* Assets.xcassets in Resources */,
				B3BBA9715BF3E265E75A9478 /* GwangwonEduAll-Bold.otf in Resources */,
				1EE4164BE4341D7B4A0FE8E6 /* SimKyungha.otf in Resources */,
				047BD44AE88ED528EB57034B /* LeeSeoyun.otf in Resources */,
				EB90794A4A1811BF8C86DDB4 /* UhBee BEOJJI Bold.ttf in Resources */,
				C0855C0A2DC860A01F7361E3 /* UhBee BEOJJI.ttf in Resources */,
			);
			runOnlyForDeploymentPostprocessing = 0;
		};
		8836997EA64CE056B14C043C /* Resources */ = {
			isa = PBXResourcesBuildPhase;
			buildActionMask = 2147483647;
			files = (
			);
			runOnlyForDeploymentPostprocessing = 0;
		};
/* End PBXResourcesBuildPhase section */

/* Begin PBXSourcesBuildPhase section */
		BA6DF36C53063F00B80115EA /* Sources */ = {
			isa = PBXSourcesBuildPhase;
			buildActionMask = 2147483647;
			files = (
				ABB14811E13F7B1ECCF8B086 /* TuistAssets+DesignSystem.swift in Sources */,
				F6018B5F7748E322214C52D6 /* TuistBundle+DesignSystem.swift in Sources */,
				2C2A6F1B0843699ACFE53D23 /* TuistFonts+DesignSystem.swift in Sources */,
				B4015A93CC86F54C3B97724F /* BaseCollectionViewCell.swift in Sources */,
				F98D30ECD0680DE9987728F1 /* BaseTableViewCell.swift in Sources */,
				C80901BAEB8E2B031C9611F9 /* BaseView.swift in Sources */,
				86658B563C21F49740900508 /* BaseViewController.swift in Sources */,
				A36FFCF125FDB24D1F1C2FAD /* AlertView.swift in Sources */,
				CBBC99B35B12602ED84B9B9A /* CircularProgress.swift in Sources */,
				B59633EB81C20431E23874D5 /* DesignSystemModule.swift in Sources */,
				F3C9FD2B222B73DF293868D2 /* FontRegistration.swift in Sources */,
				4A70FCBD6490227B914F0BD3 /* Color.swift in Sources */,
				EEEE053BBE631ED0FB64BDFB /* Font.swift in Sources */,
				89C354B8B4A2561ABC441A2A /* FontThema.swift in Sources */,
				9AD5B6C46690ED961A9797EF /* Image.swift in Sources */,
				48209CAB561073BF7B52F930 /* Thema.swift in Sources */,
				8081F39D126E336E23CD650E /* Reusable.swift in Sources */,
			);
			runOnlyForDeploymentPostprocessing = 0;
		};
/* End PBXSourcesBuildPhase section */

/* Begin PBXTargetDependency section */
		C3373F47F3B553009386B333 /* PBXTargetDependency */ = {
			isa = PBXTargetDependency;
			name = DesignSystem;
			target = 83C9B5D1938C22907FF6E247 /* DesignSystem */;
			targetProxy = 780AF5A021DE23D585EE2ED6 /* PBXContainerItemProxy */;
		};
/* End PBXTargetDependency section */

/* Begin XCBuildConfiguration section */
		0C02DEECDC95653FCDD00F9F /* Debug */ = {
			isa = XCBuildConfiguration;
			buildSettings = {
				CODE_SIGN_IDENTITY = "";
				CURRENT_PROJECT_VERSION = 1;
				DEFINES_MODULE = YES;
				DYLIB_COMPATIBILITY_VERSION = 1;
				DYLIB_CURRENT_VERSION = 1;
				DYLIB_INSTALL_NAME_BASE = "@rpath";
				INFOPLIST_FILE = "Derived/InfoPlists/DesignSystem-Info.plist";
				INSTALL_PATH = "$(LOCAL_LIBRARY_DIR)/Frameworks";
				IPHONEOS_DEPLOYMENT_TARGET = 16.0;
				LD_RUNPATH_SEARCH_PATHS = (
					"$(inherited)",
					"@executable_path/Frameworks",
					"@loader_path/Frameworks",
				);
				PRODUCT_BUNDLE_IDENTIFIER = com.den.growtimer.designsystem;
				PRODUCT_NAME = DesignSystem;
				SDKROOT = iphoneos;
				SKIP_INSTALL = YES;
				SUPPORTS_MACCATALYST = NO;
				SUPPORTS_MAC_DESIGNED_FOR_IPHONE_IPAD = NO;
				SUPPORTS_XR_DESIGNED_FOR_IPHONE_IPAD = NO;
				SWIFT_ACTIVE_COMPILATION_CONDITIONS = (
					"$(inherited)",
					DEBUG,
				);
				SWIFT_COMPILATION_MODE = singlefile;
				SWIFT_OPTIMIZATION_LEVEL = "-Onone";
				SWIFT_VERSION = 5.0;
				TARGETED_DEVICE_FAMILY = "1,2";
				VERSIONING_SYSTEM = "apple-generic";
				VERSION_INFO_PREFIX = "";
			};
			name = Debug;
		};
		18F43991FF77A7004B5E3EC0 /* Debug */ = {
			isa = XCBuildConfiguration;
			buildSettings = {
				CODE_SIGN_IDENTITY = "iPhone Developer";
				INFOPLIST_FILE = "Derived/InfoPlists/DesignSystemTests-Info.plist";
				IPHONEOS_DEPLOYMENT_TARGET = 16.0;
				LD_RUNPATH_SEARCH_PATHS = (
					"$(inherited)",
					"@executable_path/Frameworks",
					"@loader_path/Frameworks",
				);
				PRODUCT_BUNDLE_IDENTIFIER = com.den.growtimer.designsystem.tests;
				PRODUCT_NAME = DesignSystemTests;
				SDKROOT = iphoneos;
				SUPPORTS_MACCATALYST = NO;
				SUPPORTS_MAC_DESIGNED_FOR_IPHONE_IPAD = NO;
				SUPPORTS_XR_DESIGNED_FOR_IPHONE_IPAD = NO;
				SWIFT_ACTIVE_COMPILATION_CONDITIONS = (
					"$(inherited)",
					DEBUG,
				);
				SWIFT_COMPILATION_MODE = singlefile;
				SWIFT_OPTIMIZATION_LEVEL = "-Onone";
				SWIFT_VERSION = 5.0;
				TARGETED_DEVICE_FAMILY = "1,2";
			};
			name = Debug;
		};
		1C00DDAD210EFF33D0D78A8D /* Release */ = {
			isa = XCBuildConfiguration;
			buildSettings = {
				CODE_SIGN_IDENTITY = "iPhone Developer";
				INFOPLIST_FILE = "Derived/InfoPlists/DesignSystemTests-Info.plist";
				IPHONEOS_DEPLOYMENT_TARGET = 16.0;
				LD_RUNPATH_SEARCH_PATHS = (
					"$(inherited)",
					"@executable_path/Frameworks",
					"@loader_path/Frameworks",
				);
				PRODUCT_BUNDLE_IDENTIFIER = com.den.growtimer.designsystem.tests;
				PRODUCT_NAME = DesignSystemTests;
				SDKROOT = iphoneos;
				SUPPORTS_MACCATALYST = NO;
				SUPPORTS_MAC_DESIGNED_FOR_IPHONE_IPAD = NO;
				SUPPORTS_XR_DESIGNED_FOR_IPHONE_IPAD = NO;
				SWIFT_COMPILATION_MODE = wholemodule;
				SWIFT_OPTIMIZATION_LEVEL = "-Owholemodule";
				SWIFT_VERSION = 5.0;
				TARGETED_DEVICE_FAMILY = "1,2";
			};
			name = Release;
		};
		52C14854ECC2ED10764A18BC /* Release */ = {
			isa = XCBuildConfiguration;
			buildSettings = {
				CODE_SIGN_IDENTITY = "";
				CURRENT_PROJECT_VERSION = 1;
				DEFINES_MODULE = YES;
				DYLIB_COMPATIBILITY_VERSION = 1;
				DYLIB_CURRENT_VERSION = 1;
				DYLIB_INSTALL_NAME_BASE = "@rpath";
				INFOPLIST_FILE = "Derived/InfoPlists/DesignSystem-Info.plist";
				INSTALL_PATH = "$(LOCAL_LIBRARY_DIR)/Frameworks";
				IPHONEOS_DEPLOYMENT_TARGET = 16.0;
				LD_RUNPATH_SEARCH_PATHS = (
					"$(inherited)",
					"@executable_path/Frameworks",
					"@loader_path/Frameworks",
				);
				PRODUCT_BUNDLE_IDENTIFIER = com.den.growtimer.designsystem;
				PRODUCT_NAME = DesignSystem;
				SDKROOT = iphoneos;
				SKIP_INSTALL = YES;
				SUPPORTS_MACCATALYST = NO;
				SUPPORTS_MAC_DESIGNED_FOR_IPHONE_IPAD = NO;
				SUPPORTS_XR_DESIGNED_FOR_IPHONE_IPAD = NO;
				SWIFT_COMPILATION_MODE = wholemodule;
				SWIFT_OPTIMIZATION_LEVEL = "-Owholemodule";
				SWIFT_VERSION = 5.0;
				TARGETED_DEVICE_FAMILY = "1,2";
				VERSIONING_SYSTEM = "apple-generic";
				VERSION_INFO_PREFIX = "";
			};
			name = Release;
		};
		7277DF913F606D69F469518F /* Debug */ = {
			isa = XCBuildConfiguration;
			buildSettings = {
				ALWAYS_SEARCH_USER_PATHS = NO;
				CLANG_ANALYZER_LOCALIZABILITY_NONLOCALIZED = YES;
				CLANG_ANALYZER_NONNULL = YES;
				CLANG_ANALYZER_NUMBER_OBJECT_CONVERSION = YES_AGGRESSIVE;
				CLANG_CXX_LANGUAGE_STANDARD = "gnu++14";
				CLANG_CXX_LIBRARY = "libc++";
				CLANG_ENABLE_MODULES = YES;
				CLANG_ENABLE_OBJC_ARC = YES;
				CLANG_ENABLE_OBJC_WEAK = YES;
				CLANG_WARN_BLOCK_CAPTURE_AUTORELEASING = YES;
				CLANG_WARN_BOOL_CONVERSION = YES;
				CLANG_WARN_COMMA = YES;
				CLANG_WARN_CONSTANT_CONVERSION = YES;
				CLANG_WARN_DEPRECATED_OBJC_IMPLEMENTATIONS = YES;
				CLANG_WARN_DIRECT_OBJC_ISA_USAGE = YES_ERROR;
				CLANG_WARN_DOCUMENTATION_COMMENTS = YES;
				CLANG_WARN_EMPTY_BODY = YES;
				CLANG_WARN_ENUM_CONVERSION = YES;
				CLANG_WARN_INFINITE_RECURSION = YES;
				CLANG_WARN_INT_CONVERSION = YES;
				CLANG_WARN_NON_LITERAL_NULL_CONVERSION = YES;
				CLANG_WARN_OBJC_IMPLICIT_RETAIN_SELF = YES;
				CLANG_WARN_OBJC_LITERAL_CONVERSION = YES;
				CLANG_WARN_OBJC_ROOT_CLASS = YES_ERROR;
				CLANG_WARN_QUOTED_INCLUDE_IN_FRAMEWORK_HEADER = YES;
				CLANG_WARN_RANGE_LOOP_ANALYSIS = YES;
				CLANG_WARN_STRICT_PROTOTYPES = YES;
				CLANG_WARN_SUSPICIOUS_MOVE = YES;
				CLANG_WARN_UNGUARDED_AVAILABILITY = YES_AGGRESSIVE;
				CLANG_WARN_UNREACHABLE_CODE = YES;
				CLANG_WARN__DUPLICATE_METHOD_MATCH = YES;
				COPY_PHASE_STRIP = NO;
				DEAD_CODE_STRIPPING = YES;
				DEBUG_INFORMATION_FORMAT = dwarf;
				ENABLE_STRICT_OBJC_MSGSEND = YES;
				ENABLE_TESTABILITY = YES;
				GCC_C_LANGUAGE_STANDARD = gnu11;
				GCC_DYNAMIC_NO_PIC = NO;
				GCC_NO_COMMON_BLOCKS = YES;
				GCC_OPTIMIZATION_LEVEL = 0;
				GCC_PREPROCESSOR_DEFINITIONS = (
					"DEBUG=1",
					"$(inherited)",
				);
				GCC_WARN_64_TO_32_BIT_CONVERSION = YES;
				GCC_WARN_ABOUT_RETURN_TYPE = YES_ERROR;
				GCC_WARN_UNDECLARED_SELECTOR = YES;
				GCC_WARN_UNINITIALIZED_AUTOS = YES_AGGRESSIVE;
				GCC_WARN_UNUSED_FUNCTION = YES;
				GCC_WARN_UNUSED_VARIABLE = YES;
				MTL_ENABLE_DEBUG_INFO = YES;
				ONLY_ACTIVE_ARCH = YES;
				PRODUCT_NAME = "$(TARGET_NAME)";
			};
			name = Debug;
		};
		88DC404DB5E70F332291F97C /* Release */ = {
			isa = XCBuildConfiguration;
			buildSettings = {
				ALWAYS_SEARCH_USER_PATHS = NO;
				CLANG_ANALYZER_LOCALIZABILITY_NONLOCALIZED = YES;
				CLANG_ANALYZER_NONNULL = YES;
				CLANG_ANALYZER_NUMBER_OBJECT_CONVERSION = YES_AGGRESSIVE;
				CLANG_CXX_LANGUAGE_STANDARD = "gnu++14";
				CLANG_CXX_LIBRARY = "libc++";
				CLANG_ENABLE_MODULES = YES;
				CLANG_ENABLE_OBJC_ARC = YES;
				CLANG_ENABLE_OBJC_WEAK = YES;
				CLANG_WARN_BLOCK_CAPTURE_AUTORELEASING = YES;
				CLANG_WARN_BOOL_CONVERSION = YES;
				CLANG_WARN_COMMA = YES;
				CLANG_WARN_CONSTANT_CONVERSION = YES;
				CLANG_WARN_DEPRECATED_OBJC_IMPLEMENTATIONS = YES;
				CLANG_WARN_DIRECT_OBJC_ISA_USAGE = YES_ERROR;
				CLANG_WARN_DOCUMENTATION_COMMENTS = YES;
				CLANG_WARN_EMPTY_BODY = YES;
				CLANG_WARN_ENUM_CONVERSION = YES;
				CLANG_WARN_INFINITE_RECURSION = YES;
				CLANG_WARN_INT_CONVERSION = YES;
				CLANG_WARN_NON_LITERAL_NULL_CONVERSION = YES;
				CLANG_WARN_OBJC_IMPLICIT_RETAIN_SELF = YES;
				CLANG_WARN_OBJC_LITERAL_CONVERSION = YES;
				CLANG_WARN_OBJC_ROOT_CLASS = YES_ERROR;
				CLANG_WARN_QUOTED_INCLUDE_IN_FRAMEWORK_HEADER = YES;
				CLANG_WARN_RANGE_LOOP_ANALYSIS = YES;
				CLANG_WARN_STRICT_PROTOTYPES = YES;
				CLANG_WARN_SUSPICIOUS_MOVE = YES;
				CLANG_WARN_UNGUARDED_AVAILABILITY = YES_AGGRESSIVE;
				CLANG_WARN_UNREACHABLE_CODE = YES;
				CLANG_WARN__DUPLICATE_METHOD_MATCH = YES;
				COPY_PHASE_STRIP = NO;
				DEAD_CODE_STRIPPING = YES;
				DEBUG_INFORMATION_FORMAT = "dwarf-with-dsym";
				ENABLE_NS_ASSERTIONS = NO;
				ENABLE_STRICT_OBJC_MSGSEND = YES;
				GCC_C_LANGUAGE_STANDARD = gnu11;
				GCC_NO_COMMON_BLOCKS = YES;
				GCC_WARN_64_TO_32_BIT_CONVERSION = YES;
				GCC_WARN_ABOUT_RETURN_TYPE = YES_ERROR;
				GCC_WARN_UNDECLARED_SELECTOR = YES;
				GCC_WARN_UNINITIALIZED_AUTOS = YES_AGGRESSIVE;
				GCC_WARN_UNUSED_FUNCTION = YES;
				GCC_WARN_UNUSED_VARIABLE = YES;
				MTL_ENABLE_DEBUG_INFO = NO;
				PRODUCT_NAME = "$(TARGET_NAME)";
				VALIDATE_PRODUCT = YES;
			};
			name = Release;
		};
/* End XCBuildConfiguration section */

/* Begin XCConfigurationList section */
		5C0CBBA2BFE0CEE21375AF0A /* Build configuration list for PBXProject "DesignSystem" */ = {
			isa = XCConfigurationList;
			buildConfigurations = (
				7277DF913F606D69F469518F /* Debug */,
				88DC404DB5E70F332291F97C /* Release */,
			);
			defaultConfigurationIsVisible = 0;
			defaultConfigurationName = Release;
		};
		F949D06F1040638E855626C4 /* Build configuration list for PBXNativeTarget "DesignSystemTests" */ = {
			isa = XCConfigurationList;
			buildConfigurations = (
				18F43991FF77A7004B5E3EC0 /* Debug */,
				1C00DDAD210EFF33D0D78A8D /* Release */,
			);
			defaultConfigurationIsVisible = 0;
			defaultConfigurationName = Release;
		};
		FDE90610E9DF3345CFC83326 /* Build configuration list for PBXNativeTarget "DesignSystem" */ = {
			isa = XCConfigurationList;
			buildConfigurations = (
				0C02DEECDC95653FCDD00F9F /* Debug */,
				52C14854ECC2ED10764A18BC /* Release */,
			);
			defaultConfigurationIsVisible = 0;
			defaultConfigurationName = Release;
		};
/* End XCConfigurationList section */
	};
	rootObject = F639F9585E77B0BBBB642E14 /* Project object */;
}
