// !$*UTF8*$!
{
	archiveVersion = 1;
	classes = {
	};
	objectVersion = 56;
	objects = {

/* Begin PBXBuildFile section */
		095E65BF4F0BB5A4FED40148 /* ResetPopupView.swift in Sources */ = {isa = PBXBuildFile; fileRef = 18DD7D9E76956F5DD3899498 /* ResetPopupView.swift */; };
		16EB1B9748AA6C81BD222FB7 /* SettingView.swift in Sources */ = {isa = PBXBuildFile; fileRef = CC9EE53CC8DBF342766E6D04 /* SettingView.swift */; };
		18DDA1ADBD5CCCCDF983D66C /* CalendarTableViewCell.swift in Sources */ = {isa = PBXBuildFile; fileRef = 880C41E394807CDF08440E5F /* CalendarTableViewCell.swift */; };
		1BA4C4EB99B40F78552AB41C /* ThemaSettingView.swift in Sources */ = {isa = PBXBuildFile; fileRef = 50BE87A2C76A4495E9C76658 /* ThemaSettingView.swift */; };
		1C3E24EC8290B72AE7004010 /* FinalPageView.swift in Sources */ = {isa = PBXBuildFile; fileRef = 2396B2C3A4B644293BD14239 /* FinalPageView.swift */; };
		1D5688D075DE9D6F9F3AF226 /* PageNationReactor.swift in Sources */ = {isa = PBXBuildFile; fileRef = FB716CEC57D3514E81B0069A /* PageNationReactor.swift */; };
		1E4BF302CC75E675C5CDFE93 /* Utility.framework in Frameworks */ = {isa = PBXBuildFile; fileRef = ADE163D58325C4E483A55AB9 /* Utility.framework */; };
		2137D7443518C2E186F54E77 /* FontSettingReactor.swift in Sources */ = {isa = PBXBuildFile; fileRef = 7E03E4CD4D86D09D84B0BB0E /* FontSettingReactor.swift */; };
		23E66DF358590CAD06892AF0 /* TimeSettingTableViewCell.swift in Sources */ = {isa = PBXBuildFile; fileRef = C9B2283464A201BFE668D300 /* TimeSettingTableViewCell.swift */; };
		252BA4BD7352D0BD8828E748 /* .gitkeep in Resources */ = {isa = PBXBuildFile; fileRef = A7E94260B417790778DB2805 /* .gitkeep */; };
		2C46DA49C22B61D6A0C6DD5C /* PageNationViewController.swift in Sources */ = {isa = PBXBuildFile; fileRef = 2794F38DF32C08CC0EDCBD41 /* PageNationViewController.swift */; };
		3493244A6A1221D5805D5152 /* PresentModule.swift in Sources */ = {isa = PBXBuildFile; fileRef = 1B1E4216BBDE1F67FC8CD75B /* PresentModule.swift */; };
		362298B128801A2BAE1B92DB /* LaunchScreenViewController.swift in Sources */ = {isa = PBXBuildFile; fileRef = 2B487BB5C0DA52E04896A950 /* LaunchScreenViewController.swift */; };
		36BC4708B4A04F8BC3B5D763 /* CalendarViewController.swift in Sources */ = {isa = PBXBuildFile; fileRef = E1EEF7305350E5685AFF8D05 /* CalendarViewController.swift */; };
		3A93DB19AB2C226ADCA083B3 /* HomeView.swift in Sources */ = {isa = PBXBuildFile; fileRef = 86B893EA8DE6C4F27EDE6CB7 /* HomeView.swift */; };
		3B8B5A4F17625D7403C13E4D /* TimeSettingView.swift in Sources */ = {isa = PBXBuildFile; fileRef = 918ADD946376ADFE85CDF42E /* TimeSettingView.swift */; };
		3BC8F0803EEE0E57190E21D6 /* SettingReactor.swift in Sources */ = {isa = PBXBuildFile; fileRef = 1100DE22177688DC67CCA22B /* SettingReactor.swift */; };
		41BA833D63BF84D79780D77B /* FontSettingViewController.swift in Sources */ = {isa = PBXBuildFile; fileRef = 0163FC9B4A3F2B5211C46389 /* FontSettingViewController.swift */; };
		41C1895CF4643E5AC3750007 /* FinishPopupView.swift in Sources */ = {isa = PBXBuildFile; fileRef = 0D2D46207E1ADFDD106FB5CF /* FinishPopupView.swift */; };
		47A9D6CBA312C0CA6500E887 /* TuistBundle+Present.swift in Sources */ = {isa = PBXBuildFile; fileRef = A702C451212BDAE326AEF033 /* TuistBundle+Present.swift */; };
		48929B406C3FE2E6042FF419 /* SecondPageViewController.swift in Sources */ = {isa = PBXBuildFile; fileRef = 2AD9590328D151B6AD1857C7 /* SecondPageViewController.swift */; };
		493DDDB7D74385F66AA9D088 /* PageView.swift in Sources */ = {isa = PBXBuildFile; fileRef = 55ED4278650A92220F2CC88F /* PageView.swift */; };
		4CEBA8505F4A2928AA17F699 /* BaseDesignSettingTableViewCell.swift in Sources */ = {isa = PBXBuildFile; fileRef = F15075E8FBB656CAE3009E9B /* BaseDesignSettingTableViewCell.swift */; };
		5F8B105BEBE43060D6DD5BF1 /* TimeSettingViewController.swift in Sources */ = {isa = PBXBuildFile; fileRef = 8EEE2EF3723178F0A8E8D1A6 /* TimeSettingViewController.swift */; };
		602F95DAD3EBA14A281F2E10 /* DesignSystem.framework in Frameworks */ = {isa = PBXBuildFile; fileRef = 01BB388B51291C39FFFA0340 /* DesignSystem.framework */; };
		67B8410454A7F18E70D4EF0E /* ResetPopupViewController.swift in Sources */ = {isa = PBXBuildFile; fileRef = F0A73A7C452ADE9DE34A044D /* ResetPopupViewController.swift */; };
		72FD27AB15518CD5D69595E4 /* CalendarReactor.swift in Sources */ = {isa = PBXBuildFile; fileRef = 0C295F4FCF17BC3364330A1D /* CalendarReactor.swift */; };
		83F45405A00B79213843CCB4 /* ThemaSettingViewController.swift in Sources */ = {isa = PBXBuildFile; fileRef = DA9696CD5E9FA1F4FB3F4B74 /* ThemaSettingViewController.swift */; };
		91132BA855E1E1BD3EEDDC97 /* FontSettingView.swift in Sources */ = {isa = PBXBuildFile; fileRef = 9045AB7382227E8E07FD702F /* FontSettingView.swift */; };
		923433390C0417A13DEE35F4 /* TimeLineReactor.swift in Sources */ = {isa = PBXBuildFile; fileRef = E91BE8947512C5912B32DDED /* TimeLineReactor.swift */; };
		97ADC0C741C5AE5886C0B787 /* FinalPageViewController.swift in Sources */ = {isa = PBXBuildFile; fileRef = 735CAD0C276ACDA6046F3EF8 /* FinalPageViewController.swift */; };
		9B2D6BBE72EB5F139E4BE115 /* Domain.framework in Frameworks */ = {isa = PBXBuildFile; fileRef = 952071F1116B6F365D18630C /* Domain.framework */; };
		9FA76CE5377DB28504EF041D /* FirstPageReactor.swift in Sources */ = {isa = PBXBuildFile; fileRef = 0E0EBB01F970CE0176D488F8 /* FirstPageReactor.swift */; };
		A31829B576EA900AF33CBFD8 /* CalendarView.swift in Sources */ = {isa = PBXBuildFile; fileRef = 8D44CA97D6326CF0BA54BD7A /* CalendarView.swift */; };
		B14631EF68FBD1EAE650384E /* TimeLineTableViewCell.swift in Sources */ = {isa = PBXBuildFile; fileRef = 7796D897C437A44B52B0B980 /* TimeLineTableViewCell.swift */; };
		B36D0BBA73AA70B5BD89CDE4 /* TimeLineView.swift in Sources */ = {isa = PBXBuildFile; fileRef = 556CCBFE7AB3747D6D5B5E45 /* TimeLineView.swift */; };
		B68F14009C93E58952648F50 /* TimeLineViewController.swift in Sources */ = {isa = PBXBuildFile; fileRef = 99F13315DC5DF3F122108735 /* TimeLineViewController.swift */; };
		C877D8A243517ADDE48EDB05 /* HomeViewController.swift in Sources */ = {isa = PBXBuildFile; fileRef = 5301E78B6C78DCB1F1CE0360 /* HomeViewController.swift */; };
		D0C1A02A8E716F691B8FB360 /* FinishPopupViewController.swift in Sources */ = {isa = PBXBuildFile; fileRef = B0C4D068CD814E87D6E8131A /* FinishPopupViewController.swift */; };
		D5B07C77CFDDBDA2F1F4FB72 /* FirstPageViewController.swift in Sources */ = {isa = PBXBuildFile; fileRef = 972B423D9E91F7BB2B6F728D /* FirstPageViewController.swift */; };
		DE5045FF2468BB5740C595E7 /* ThemaSettingReactor.swift in Sources */ = {isa = PBXBuildFile; fileRef = 8DA5C5D6130D1D9C2666EBC0 /* ThemaSettingReactor.swift */; };
		E59201368D9F35611751F0CA /* FinalPageReactor.swift in Sources */ = {isa = PBXBuildFile; fileRef = 6A69C68CA654AC9E950D8CB7 /* FinalPageReactor.swift */; };
		E68BBD764C3403E41A0D034E /* TimeSettingReactor.swift in Sources */ = {isa = PBXBuildFile; fileRef = EFFDFBCE8EC3B16A822A8905 /* TimeSettingReactor.swift */; };
		E68DD14534DB63869D262D07 /* FinishPopupReactor.swift in Sources */ = {isa = PBXBuildFile; fileRef = 76449F338AC1B160D9460B45 /* FinishPopupReactor.swift */; };
		ED15C79325396FDC704C553E /* HomeReactor.swift in Sources */ = {isa = PBXBuildFile; fileRef = 99F0A7049B195457EF376D5D /* HomeReactor.swift */; };
		F6461A64274FD3E34C6951D6 /* SettingViewController.swift in Sources */ = {isa = PBXBuildFile; fileRef = 56033CC91EBFB32C7229FC4D /* SettingViewController.swift */; };
		F8A1703635880E87A07F8DCA /* Present.framework in Frameworks */ = {isa = PBXBuildFile; fileRef = DE15E2BA848ACA38C4BA0A27 /* Present.framework */; };
		FE4F07D018CB488903427326 /* ResetPopupReactor.swift in Sources */ = {isa = PBXBuildFile; fileRef = E574F621772BB54F5EAA95F9 /* ResetPopupReactor.swift */; };
/* End PBXBuildFile section */

/* Begin PBXContainerItemProxy section */
		12523D2A502F6FFE076FC353 /* PBXContainerItemProxy */ = {
			isa = PBXContainerItemProxy;
			containerPortal = C4B4B58952D75F695D49E2AB /* Project object */;
			proxyType = 1;
			remoteGlobalIDString = 5F0904309520F6755F8205BB;
			remoteInfo = Present;
		};
/* End PBXContainerItemProxy section */

/* Begin PBXCopyFilesBuildPhase section */
		16230552F931FA630EDC5EB9 /* Embed Frameworks */ = {
			isa = PBXCopyFilesBuildPhase;
			buildActionMask = 2147483647;
			dstPath = "";
			dstSubfolderSpec = 10;
			files = (
			);
			name = "Embed Frameworks";
			runOnlyForDeploymentPostprocessing = 0;
		};
		662EAF5D1CFBBB05258A5648 /* Embed Frameworks */ = {
			isa = PBXCopyFilesBuildPhase;
			buildActionMask = 2147483647;
			dstPath = "";
			dstSubfolderSpec = 10;
			files = (
			);
			name = "Embed Frameworks";
			runOnlyForDeploymentPostprocessing = 0;
		};
/* End PBXCopyFilesBuildPhase section */

/* Begin PBXFileReference section */
		0163FC9B4A3F2B5211C46389 /* FontSettingViewController.swift */ = {isa = PBXFileReference; lastKnownFileType = sourcecode.swift; path = FontSettingViewController.swift; sourceTree = "<group>"; };
		01BB388B51291C39FFFA0340 /* DesignSystem.framework */ = {isa = PBXFileReference; explicitFileType = wrapper.framework; includeInIndex = 0; path = DesignSystem.framework; sourceTree = BUILT_PRODUCTS_DIR; };
		0C295F4FCF17BC3364330A1D /* CalendarReactor.swift */ = {isa = PBXFileReference; lastKnownFileType = sourcecode.swift; path = CalendarReactor.swift; sourceTree = "<group>"; };
		0D2D46207E1ADFDD106FB5CF /* FinishPopupView.swift */ = {isa = PBXFileReference; lastKnownFileType = sourcecode.swift; path = FinishPopupView.swift; sourceTree = "<group>"; };
		0E0EBB01F970CE0176D488F8 /* FirstPageReactor.swift */ = {isa = PBXFileReference; lastKnownFileType = sourcecode.swift; path = FirstPageReactor.swift; sourceTree = "<group>"; };
		1100DE22177688DC67CCA22B /* SettingReactor.swift */ = {isa = PBXFileReference; lastKnownFileType = sourcecode.swift; path = SettingReactor.swift; sourceTree = "<group>"; };
		18DD7D9E76956F5DD3899498 /* ResetPopupView.swift */ = {isa = PBXFileReference; lastKnownFileType = sourcecode.swift; path = ResetPopupView.swift; sourceTree = "<group>"; };
		1B1E4216BBDE1F67FC8CD75B /* PresentModule.swift */ = {isa = PBXFileReference; lastKnownFileType = sourcecode.swift; path = PresentModule.swift; sourceTree = "<group>"; };
		2396B2C3A4B644293BD14239 /* FinalPageView.swift */ = {isa = PBXFileReference; lastKnownFileType = sourcecode.swift; path = FinalPageView.swift; sourceTree = "<group>"; };
		2794F38DF32C08CC0EDCBD41 /* PageNationViewController.swift */ = {isa = PBXFileReference; lastKnownFileType = sourcecode.swift; path = PageNationViewController.swift; sourceTree = "<group>"; };
		2AD9590328D151B6AD1857C7 /* SecondPageViewController.swift */ = {isa = PBXFileReference; lastKnownFileType = sourcecode.swift; path = SecondPageViewController.swift; sourceTree = "<group>"; };
		2B487BB5C0DA52E04896A950 /* LaunchScreenViewController.swift */ = {isa = PBXFileReference; lastKnownFileType = sourcecode.swift; path = LaunchScreenViewController.swift; sourceTree = "<group>"; };
		4275253205A6046E0F5765B9 /* PresentTests.xctest */ = {isa = PBXFileReference; explicitFileType = wrapper.cfbundle; includeInIndex = 0; path = PresentTests.xctest; sourceTree = BUILT_PRODUCTS_DIR; };
		50BE87A2C76A4495E9C76658 /* ThemaSettingView.swift */ = {isa = PBXFileReference; lastKnownFileType = sourcecode.swift; path = ThemaSettingView.swift; sourceTree = "<group>"; };
		5301E78B6C78DCB1F1CE0360 /* HomeViewController.swift */ = {isa = PBXFileReference; lastKnownFileType = sourcecode.swift; path = HomeViewController.swift; sourceTree = "<group>"; };
		556CCBFE7AB3747D6D5B5E45 /* TimeLineView.swift */ = {isa = PBXFileReference; lastKnownFileType = sourcecode.swift; path = TimeLineView.swift; sourceTree = "<group>"; };
		55ED4278650A92220F2CC88F /* PageView.swift */ = {isa = PBXFileReference; lastKnownFileType = sourcecode.swift; path = PageView.swift; sourceTree = "<group>"; };
		56033CC91EBFB32C7229FC4D /* SettingViewController.swift */ = {isa = PBXFileReference; lastKnownFileType = sourcecode.swift; path = SettingViewController.swift; sourceTree = "<group>"; };
		66FE3B4645ED92C5F6BE59A6 /* Present-Info.plist */ = {isa = PBXFileReference; lastKnownFileType = text.plist; path = "Present-Info.plist"; sourceTree = "<group>"; };
		6A69C68CA654AC9E950D8CB7 /* FinalPageReactor.swift */ = {isa = PBXFileReference; lastKnownFileType = sourcecode.swift; path = FinalPageReactor.swift; sourceTree = "<group>"; };
		735CAD0C276ACDA6046F3EF8 /* FinalPageViewController.swift */ = {isa = PBXFileReference; lastKnownFileType = sourcecode.swift; path = FinalPageViewController.swift; sourceTree = "<group>"; };
		76449F338AC1B160D9460B45 /* FinishPopupReactor.swift */ = {isa = PBXFileReference; lastKnownFileType = sourcecode.swift; path = FinishPopupReactor.swift; sourceTree = "<group>"; };
		7796D897C437A44B52B0B980 /* TimeLineTableViewCell.swift */ = {isa = PBXFileReference; lastKnownFileType = sourcecode.swift; path = TimeLineTableViewCell.swift; sourceTree = "<group>"; };
		7E03E4CD4D86D09D84B0BB0E /* FontSettingReactor.swift */ = {isa = PBXFileReference; lastKnownFileType = sourcecode.swift; path = FontSettingReactor.swift; sourceTree = "<group>"; };
		86B893EA8DE6C4F27EDE6CB7 /* HomeView.swift */ = {isa = PBXFileReference; lastKnownFileType = sourcecode.swift; path = HomeView.swift; sourceTree = "<group>"; };
		880C41E394807CDF08440E5F /* CalendarTableViewCell.swift */ = {isa = PBXFileReference; lastKnownFileType = sourcecode.swift; path = CalendarTableViewCell.swift; sourceTree = "<group>"; };
		8D44CA97D6326CF0BA54BD7A /* CalendarView.swift */ = {isa = PBXFileReference; lastKnownFileType = sourcecode.swift; path = CalendarView.swift; sourceTree = "<group>"; };
		8DA5C5D6130D1D9C2666EBC0 /* ThemaSettingReactor.swift */ = {isa = PBXFileReference; lastKnownFileType = sourcecode.swift; path = ThemaSettingReactor.swift; sourceTree = "<group>"; };
		8EEE2EF3723178F0A8E8D1A6 /* TimeSettingViewController.swift */ = {isa = PBXFileReference; lastKnownFileType = sourcecode.swift; path = TimeSettingViewController.swift; sourceTree = "<group>"; };
		9045AB7382227E8E07FD702F /* FontSettingView.swift */ = {isa = PBXFileReference; lastKnownFileType = sourcecode.swift; path = FontSettingView.swift; sourceTree = "<group>"; };
		918ADD946376ADFE85CDF42E /* TimeSettingView.swift */ = {isa = PBXFileReference; lastKnownFileType = sourcecode.swift; path = TimeSettingView.swift; sourceTree = "<group>"; };
		952071F1116B6F365D18630C /* Domain.framework */ = {isa = PBXFileReference; explicitFileType = wrapper.framework; includeInIndex = 0; path = Domain.framework; sourceTree = BUILT_PRODUCTS_DIR; };
		972B423D9E91F7BB2B6F728D /* FirstPageViewController.swift */ = {isa = PBXFileReference; lastKnownFileType = sourcecode.swift; path = FirstPageViewController.swift; sourceTree = "<group>"; };
		99F0A7049B195457EF376D5D /* HomeReactor.swift */ = {isa = PBXFileReference; lastKnownFileType = sourcecode.swift; path = HomeReactor.swift; sourceTree = "<group>"; };
		99F13315DC5DF3F122108735 /* TimeLineViewController.swift */ = {isa = PBXFileReference; lastKnownFileType = sourcecode.swift; path = TimeLineViewController.swift; sourceTree = "<group>"; };
		A702C451212BDAE326AEF033 /* TuistBundle+Present.swift */ = {isa = PBXFileReference; lastKnownFileType = sourcecode.swift; path = "TuistBundle+Present.swift"; sourceTree = "<group>"; };
		A7E94260B417790778DB2805 /* .gitkeep */ = {isa = PBXFileReference; lastKnownFileType = text; path = .gitkeep; sourceTree = "<group>"; };
		ADE163D58325C4E483A55AB9 /* Utility.framework */ = {isa = PBXFileReference; explicitFileType = wrapper.framework; includeInIndex = 0; path = Utility.framework; sourceTree = BUILT_PRODUCTS_DIR; };
		B0C4D068CD814E87D6E8131A /* FinishPopupViewController.swift */ = {isa = PBXFileReference; lastKnownFileType = sourcecode.swift; path = FinishPopupViewController.swift; sourceTree = "<group>"; };
		C32D99D1882333BF8AB13E34 /* PresentTests-Info.plist */ = {isa = PBXFileReference; lastKnownFileType = text.plist; path = "PresentTests-Info.plist"; sourceTree = "<group>"; };
		C9B2283464A201BFE668D300 /* TimeSettingTableViewCell.swift */ = {isa = PBXFileReference; lastKnownFileType = sourcecode.swift; path = TimeSettingTableViewCell.swift; sourceTree = "<group>"; };
		CC9EE53CC8DBF342766E6D04 /* SettingView.swift */ = {isa = PBXFileReference; lastKnownFileType = sourcecode.swift; path = SettingView.swift; sourceTree = "<group>"; };
		DA9696CD5E9FA1F4FB3F4B74 /* ThemaSettingViewController.swift */ = {isa = PBXFileReference; lastKnownFileType = sourcecode.swift; path = ThemaSettingViewController.swift; sourceTree = "<group>"; };
		DE15E2BA848ACA38C4BA0A27 /* Present.framework */ = {isa = PBXFileReference; explicitFileType = wrapper.framework; includeInIndex = 0; path = Present.framework; sourceTree = BUILT_PRODUCTS_DIR; };
		E1EEF7305350E5685AFF8D05 /* CalendarViewController.swift */ = {isa = PBXFileReference; lastKnownFileType = sourcecode.swift; path = CalendarViewController.swift; sourceTree = "<group>"; };
		E574F621772BB54F5EAA95F9 /* ResetPopupReactor.swift */ = {isa = PBXFileReference; lastKnownFileType = sourcecode.swift; path = ResetPopupReactor.swift; sourceTree = "<group>"; };
		E91BE8947512C5912B32DDED /* TimeLineReactor.swift */ = {isa = PBXFileReference; lastKnownFileType = sourcecode.swift; path = TimeLineReactor.swift; sourceTree = "<group>"; };
		EFFDFBCE8EC3B16A822A8905 /* TimeSettingReactor.swift */ = {isa = PBXFileReference; lastKnownFileType = sourcecode.swift; path = TimeSettingReactor.swift; sourceTree = "<group>"; };
		F0A73A7C452ADE9DE34A044D /* ResetPopupViewController.swift */ = {isa = PBXFileReference; lastKnownFileType = sourcecode.swift; path = ResetPopupViewController.swift; sourceTree = "<group>"; };
		F15075E8FBB656CAE3009E9B /* BaseDesignSettingTableViewCell.swift */ = {isa = PBXFileReference; lastKnownFileType = sourcecode.swift; path = BaseDesignSettingTableViewCell.swift; sourceTree = "<group>"; };
		FB716CEC57D3514E81B0069A /* PageNationReactor.swift */ = {isa = PBXFileReference; lastKnownFileType = sourcecode.swift; path = PageNationReactor.swift; sourceTree = "<group>"; };
/* End PBXFileReference section */

/* Begin PBXFrameworksBuildPhase section */
		3F7C9318AD19E93AE41B0AA2 /* Frameworks */ = {
			isa = PBXFrameworksBuildPhase;
			buildActionMask = 2147483647;
			files = (
				F8A1703635880E87A07F8DCA /* Present.framework in Frameworks */,
			);
			runOnlyForDeploymentPostprocessing = 0;
		};
		90D9249A3CA5DEB08341757D /* Frameworks */ = {
			isa = PBXFrameworksBuildPhase;
			buildActionMask = 2147483647;
			files = (
				602F95DAD3EBA14A281F2E10 /* DesignSystem.framework in Frameworks */,
				9B2D6BBE72EB5F139E4BE115 /* Domain.framework in Frameworks */,
				1E4BF302CC75E675C5CDFE93 /* Utility.framework in Frameworks */,
			);
			runOnlyForDeploymentPostprocessing = 0;
		};
/* End PBXFrameworksBuildPhase section */

/* Begin PBXGroup section */
		04EB4D823527095E29F93303 /* HomeScreen */ = {
			isa = PBXGroup;
			children = (
				99F0A7049B195457EF376D5D /* HomeReactor.swift */,
				86B893EA8DE6C4F27EDE6CB7 /* HomeView.swift */,
				5301E78B6C78DCB1F1CE0360 /* HomeViewController.swift */,
			);
			path = HomeScreen;
			sourceTree = "<group>";
		};
		0616AE14C95F62BA77D9934C /* CalendarScreen */ = {
			isa = PBXGroup;
			children = (
				0C295F4FCF17BC3364330A1D /* CalendarReactor.swift */,
				880C41E394807CDF08440E5F /* CalendarTableViewCell.swift */,
				8D44CA97D6326CF0BA54BD7A /* CalendarView.swift */,
				E1EEF7305350E5685AFF8D05 /* CalendarViewController.swift */,
			);
			path = CalendarScreen;
			sourceTree = "<group>";
		};
		1DC0B598B5AE8F89D5A8DF23 /* LaunchScreen */ = {
			isa = PBXGroup;
			children = (
				2B487BB5C0DA52E04896A950 /* LaunchScreenViewController.swift */,
			);
			path = LaunchScreen;
			sourceTree = "<group>";
		};
		2D091A065AE7199F5022D2B4 /* Setting */ = {
			isa = PBXGroup;
			children = (
				DAADE930C478676C685EB705 /* BaseSetting */,
				97F655FD51B595063417D951 /* FontSetting */,
				4E795F0F893CFA68827175EF /* ThemaSetting */,
				A1CB5265FF5BE0D795ADF092 /* TimeSettingScreen */,
			);
			path = Setting;
			sourceTree = "<group>";
		};
		3D6089C9E9E0962A80A7C87C /* Products */ = {
			isa = PBXGroup;
			children = (
				01BB388B51291C39FFFA0340 /* DesignSystem.framework */,
				952071F1116B6F365D18630C /* Domain.framework */,
				DE15E2BA848ACA38C4BA0A27 /* Present.framework */,
				4275253205A6046E0F5765B9 /* PresentTests.xctest */,
				ADE163D58325C4E483A55AB9 /* Utility.framework */,
			);
			name = Products;
			sourceTree = "<group>";
		};
		447A7AF552A21C4936043FA1 /* Second */ = {
			isa = PBXGroup;
			children = (
				2AD9590328D151B6AD1857C7 /* SecondPageViewController.swift */,
			);
			path = Second;
			sourceTree = "<group>";
		};
		4CA478855DEFE8CD0A680516 /* Derived */ = {
			isa = PBXGroup;
			children = (
				B290D889FE564E7578DEBECF /* InfoPlists */,
				D465502AD3B4AF169CC4EA11 /* Sources */,
			);
			path = Derived;
			sourceTree = "<group>";
		};
		4CE6FEA3CA8577E7C2B6CE36 = {
			isa = PBXGroup;
			children = (
				728E30747F0E390B6AC71D2D /* Project */,
				3D6089C9E9E0962A80A7C87C /* Products */,
			);
			sourceTree = "<group>";
		};
		4E795F0F893CFA68827175EF /* ThemaSetting */ = {
			isa = PBXGroup;
			children = (
				8DA5C5D6130D1D9C2666EBC0 /* ThemaSettingReactor.swift */,
				50BE87A2C76A4495E9C76658 /* ThemaSettingView.swift */,
				DA9696CD5E9FA1F4FB3F4B74 /* ThemaSettingViewController.swift */,
			);
			path = ThemaSetting;
			sourceTree = "<group>";
		};
		673D37F398BEE7CF5438DA04 /* First */ = {
			isa = PBXGroup;
			children = (
				0E0EBB01F970CE0176D488F8 /* FirstPageReactor.swift */,
				972B423D9E91F7BB2B6F728D /* FirstPageViewController.swift */,
			);
			path = First;
			sourceTree = "<group>";
		};
		728E30747F0E390B6AC71D2D /* Project */ = {
			isa = PBXGroup;
			children = (
				4CA478855DEFE8CD0A680516 /* Derived */,
				9CB8E1228188EC09165C2DC9 /* Resources */,
				84623F64796DA00B51E3539E /* Sources */,
			);
			name = Project;
			sourceTree = "<group>";
		};
		743B2FA643882D325326DCCA /* ResetPopupScreen */ = {
			isa = PBXGroup;
			children = (
				E574F621772BB54F5EAA95F9 /* ResetPopupReactor.swift */,
				18DD7D9E76956F5DD3899498 /* ResetPopupView.swift */,
				F0A73A7C452ADE9DE34A044D /* ResetPopupViewController.swift */,
			);
			path = ResetPopupScreen;
			sourceTree = "<group>";
		};
		81B64472E7AACCA81BC46595 /* PageNationScreen */ = {
			isa = PBXGroup;
			children = (
				A0F80D762B879EBB7C65663F /* Page */,
			);
			path = PageNationScreen;
			sourceTree = "<group>";
		};
		84623F64796DA00B51E3539E /* Sources */ = {
			isa = PBXGroup;
			children = (
				0616AE14C95F62BA77D9934C /* CalendarScreen */,
				8C250FC200FAA4C9D51484B9 /* FinishPopupScreen */,
				04EB4D823527095E29F93303 /* HomeScreen */,
				1DC0B598B5AE8F89D5A8DF23 /* LaunchScreen */,
				81B64472E7AACCA81BC46595 /* PageNationScreen */,
				743B2FA643882D325326DCCA /* ResetPopupScreen */,
				2D091A065AE7199F5022D2B4 /* Setting */,
				C431D6F06EEF1CFB32D7F2E2 /* TimeLineScreen */,
				1B1E4216BBDE1F67FC8CD75B /* PresentModule.swift */,
			);
			path = Sources;
			sourceTree = "<group>";
		};
		8C250FC200FAA4C9D51484B9 /* FinishPopupScreen */ = {
			isa = PBXGroup;
			children = (
				76449F338AC1B160D9460B45 /* FinishPopupReactor.swift */,
				0D2D46207E1ADFDD106FB5CF /* FinishPopupView.swift */,
				B0C4D068CD814E87D6E8131A /* FinishPopupViewController.swift */,
			);
			path = FinishPopupScreen;
			sourceTree = "<group>";
		};
		97F655FD51B595063417D951 /* FontSetting */ = {
			isa = PBXGroup;
			children = (
				7E03E4CD4D86D09D84B0BB0E /* FontSettingReactor.swift */,
				9045AB7382227E8E07FD702F /* FontSettingView.swift */,
				0163FC9B4A3F2B5211C46389 /* FontSettingViewController.swift */,
			);
			path = FontSetting;
			sourceTree = "<group>";
		};
		9CB8E1228188EC09165C2DC9 /* Resources */ = {
			isa = PBXGroup;
			children = (
				A7E94260B417790778DB2805 /* .gitkeep */,
			);
			path = Resources;
			sourceTree = "<group>";
		};
		A0F80D762B879EBB7C65663F /* Page */ = {
			isa = PBXGroup;
			children = (
				AFC281A63B82FBD27129A333 /* Final */,
				673D37F398BEE7CF5438DA04 /* First */,
				447A7AF552A21C4936043FA1 /* Second */,
				FB716CEC57D3514E81B0069A /* PageNationReactor.swift */,
				2794F38DF32C08CC0EDCBD41 /* PageNationViewController.swift */,
				55ED4278650A92220F2CC88F /* PageView.swift */,
			);
			path = Page;
			sourceTree = "<group>";
		};
		A1CB5265FF5BE0D795ADF092 /* TimeSettingScreen */ = {
			isa = PBXGroup;
			children = (
				EFFDFBCE8EC3B16A822A8905 /* TimeSettingReactor.swift */,
				C9B2283464A201BFE668D300 /* TimeSettingTableViewCell.swift */,
				918ADD946376ADFE85CDF42E /* TimeSettingView.swift */,
				8EEE2EF3723178F0A8E8D1A6 /* TimeSettingViewController.swift */,
			);
			path = TimeSettingScreen;
			sourceTree = "<group>";
		};
		AFC281A63B82FBD27129A333 /* Final */ = {
			isa = PBXGroup;
			children = (
				6A69C68CA654AC9E950D8CB7 /* FinalPageReactor.swift */,
				2396B2C3A4B644293BD14239 /* FinalPageView.swift */,
				735CAD0C276ACDA6046F3EF8 /* FinalPageViewController.swift */,
			);
			path = Final;
			sourceTree = "<group>";
		};
		B290D889FE564E7578DEBECF /* InfoPlists */ = {
			isa = PBXGroup;
			children = (
				66FE3B4645ED92C5F6BE59A6 /* Present-Info.plist */,
				C32D99D1882333BF8AB13E34 /* PresentTests-Info.plist */,
			);
			path = InfoPlists;
			sourceTree = "<group>";
		};
		C431D6F06EEF1CFB32D7F2E2 /* TimeLineScreen */ = {
			isa = PBXGroup;
			children = (
				E91BE8947512C5912B32DDED /* TimeLineReactor.swift */,
				7796D897C437A44B52B0B980 /* TimeLineTableViewCell.swift */,
				556CCBFE7AB3747D6D5B5E45 /* TimeLineView.swift */,
				99F13315DC5DF3F122108735 /* TimeLineViewController.swift */,
			);
			path = TimeLineScreen;
			sourceTree = "<group>";
		};
		D465502AD3B4AF169CC4EA11 /* Sources */ = {
			isa = PBXGroup;
			children = (
				A702C451212BDAE326AEF033 /* TuistBundle+Present.swift */,
			);
			path = Sources;
			sourceTree = "<group>";
		};
		DAADE930C478676C685EB705 /* BaseSetting */ = {
			isa = PBXGroup;
			children = (
				F15075E8FBB656CAE3009E9B /* BaseDesignSettingTableViewCell.swift */,
				1100DE22177688DC67CCA22B /* SettingReactor.swift */,
				CC9EE53CC8DBF342766E6D04 /* SettingView.swift */,
				56033CC91EBFB32C7229FC4D /* SettingViewController.swift */,
			);
			path = BaseSetting;
			sourceTree = "<group>";
		};
/* End PBXGroup section */

/* Begin PBXNativeTarget section */
		5F0904309520F6755F8205BB /* Present */ = {
			isa = PBXNativeTarget;
			buildConfigurationList = A8686801AD51985234F2E3C2 /* Build configuration list for PBXNativeTarget "Present" */;
			buildPhases = (
				AA455044D6B99B90AB1122D1 /* Sources */,
				AACB7066B0298A94782C524E /* Resources */,
				90D9249A3CA5DEB08341757D /* Frameworks */,
				16230552F931FA630EDC5EB9 /* Embed Frameworks */,
			);
			buildRules = (
			);
			dependencies = (
			);
			name = Present;
			packageProductDependencies = (
			);
			productName = Present;
			productReference = DE15E2BA848ACA38C4BA0A27 /* Present.framework */;
			productType = "com.apple.product-type.framework";
		};
		B088CEB12730E35C23D6F433 /* PresentTests */ = {
			isa = PBXNativeTarget;
			buildConfigurationList = 63C27E60859ACE23AF1F2C1F /* Build configuration list for PBXNativeTarget "PresentTests" */;
			buildPhases = (
				7A927143DF80A2692FBA6D64 /* Resources */,
				3F7C9318AD19E93AE41B0AA2 /* Frameworks */,
				662EAF5D1CFBBB05258A5648 /* Embed Frameworks */,
			);
			buildRules = (
			);
			dependencies = (
				6A0069FC0ECFC8F29F197A2C /* PBXTargetDependency */,
			);
			name = PresentTests;
			packageProductDependencies = (
			);
			productName = PresentTests;
			productReference = 4275253205A6046E0F5765B9 /* PresentTests.xctest */;
			productType = "com.apple.product-type.bundle.unit-test";
		};
/* End PBXNativeTarget section */

/* Begin PBXProject section */
		C4B4B58952D75F695D49E2AB /* Project object */ = {
			isa = PBXProject;
			attributes = {
				BuildIndependentTargetsInParallel = YES;
				ORGANIZATIONNAME = Den;
			};
			buildConfigurationList = 688F92ADC412CB9A8A181029 /* Build configuration list for PBXProject "Present" */;
			compatibilityVersion = "Xcode 14.0";
			developmentRegion = en;
			hasScannedForEncodings = 0;
			knownRegions = (
				Base,
				en,
			);
			mainGroup = 4CE6FEA3CA8577E7C2B6CE36;
			productRefGroup = 3D6089C9E9E0962A80A7C87C /* Products */;
			projectDirPath = "";
			projectRoot = "";
			targets = (
				5F0904309520F6755F8205BB /* Present */,
				B088CEB12730E35C23D6F433 /* PresentTests */,
			);
		};
/* End PBXProject section */

/* Begin PBXResourcesBuildPhase section */
		7A927143DF80A2692FBA6D64 /* Resources */ = {
			isa = PBXResourcesBuildPhase;
			buildActionMask = 2147483647;
			files = (
			);
			runOnlyForDeploymentPostprocessing = 0;
		};
		AACB7066B0298A94782C524E /* Resources */ = {
			isa = PBXResourcesBuildPhase;
			buildActionMask = 2147483647;
			files = (
				252BA4BD7352D0BD8828E748 /* .gitkeep in Resources */,
			);
			runOnlyForDeploymentPostprocessing = 0;
		};
/* End PBXResourcesBuildPhase section */

/* Begin PBXSourcesBuildPhase section */
		AA455044D6B99B90AB1122D1 /* Sources */ = {
			isa = PBXSourcesBuildPhase;
			buildActionMask = 2147483647;
			files = (
				47A9D6CBA312C0CA6500E887 /* TuistBundle+Present.swift in Sources */,
				72FD27AB15518CD5D69595E4 /* CalendarReactor.swift in Sources */,
				18DDA1ADBD5CCCCDF983D66C /* CalendarTableViewCell.swift in Sources */,
				A31829B576EA900AF33CBFD8 /* CalendarView.swift in Sources */,
				36BC4708B4A04F8BC3B5D763 /* CalendarViewController.swift in Sources */,
				E68DD14534DB63869D262D07 /* FinishPopupReactor.swift in Sources */,
				41C1895CF4643E5AC3750007 /* FinishPopupView.swift in Sources */,
				D0C1A02A8E716F691B8FB360 /* FinishPopupViewController.swift in Sources */,
				ED15C79325396FDC704C553E /* HomeReactor.swift in Sources */,
				3A93DB19AB2C226ADCA083B3 /* HomeView.swift in Sources */,
				C877D8A243517ADDE48EDB05 /* HomeViewController.swift in Sources */,
				362298B128801A2BAE1B92DB /* LaunchScreenViewController.swift in Sources */,
				E59201368D9F35611751F0CA /* FinalPageReactor.swift in Sources */,
				1C3E24EC8290B72AE7004010 /* FinalPageView.swift in Sources */,
				97ADC0C741C5AE5886C0B787 /* FinalPageViewController.swift in Sources */,
				9FA76CE5377DB28504EF041D /* FirstPageReactor.swift in Sources */,
				D5B07C77CFDDBDA2F1F4FB72 /* FirstPageViewController.swift in Sources */,
				1D5688D075DE9D6F9F3AF226 /* PageNationReactor.swift in Sources */,
				2C46DA49C22B61D6A0C6DD5C /* PageNationViewController.swift in Sources */,
				493DDDB7D74385F66AA9D088 /* PageView.swift in Sources */,
				48929B406C3FE2E6042FF419 /* SecondPageViewController.swift in Sources */,
				3493244A6A1221D5805D5152 /* PresentModule.swift in Sources */,
				FE4F07D018CB488903427326 /* ResetPopupReactor.swift in Sources */,
				095E65BF4F0BB5A4FED40148 /* ResetPopupView.swift in Sources */,
				67B8410454A7F18E70D4EF0E /* ResetPopupViewController.swift in Sources */,
				4CEBA8505F4A2928AA17F699 /* BaseDesignSettingTableViewCell.swift in Sources */,
				3BC8F0803EEE0E57190E21D6 /* SettingReactor.swift in Sources */,
				16EB1B9748AA6C81BD222FB7 /* SettingView.swift in Sources */,
				F6461A64274FD3E34C6951D6 /* SettingViewController.swift in Sources */,
				2137D7443518C2E186F54E77 /* FontSettingReactor.swift in Sources */,
				91132BA855E1E1BD3EEDDC97 /* FontSettingView.swift in Sources */,
				41BA833D63BF84D79780D77B /* FontSettingViewController.swift in Sources */,
				DE5045FF2468BB5740C595E7 /* ThemaSettingReactor.swift in Sources */,
				1BA4C4EB99B40F78552AB41C /* ThemaSettingView.swift in Sources */,
				83F45405A00B79213843CCB4 /* ThemaSettingViewController.swift in Sources */,
				E68BBD764C3403E41A0D034E /* TimeSettingReactor.swift in Sources */,
				23E66DF358590CAD06892AF0 /* TimeSettingTableViewCell.swift in Sources */,
				3B8B5A4F17625D7403C13E4D /* TimeSettingView.swift in Sources */,
				5F8B105BEBE43060D6DD5BF1 /* TimeSettingViewController.swift in Sources */,
				923433390C0417A13DEE35F4 /* TimeLineReactor.swift in Sources */,
				B14631EF68FBD1EAE650384E /* TimeLineTableViewCell.swift in Sources */,
				B36D0BBA73AA70B5BD89CDE4 /* TimeLineView.swift in Sources */,
				B68F14009C93E58952648F50 /* TimeLineViewController.swift in Sources */,
			);
			runOnlyForDeploymentPostprocessing = 0;
		};
/* End PBXSourcesBuildPhase section */

/* Begin PBXTargetDependency section */
		6A0069FC0ECFC8F29F197A2C /* PBXTargetDependency */ = {
			isa = PBXTargetDependency;
			name = Present;
			target = 5F0904309520F6755F8205BB /* Present */;
			targetProxy = 12523D2A502F6FFE076FC353 /* PBXContainerItemProxy */;
		};
/* End PBXTargetDependency section */

/* Begin XCBuildConfiguration section */
		39EF358B478F4C8802044209 /* Debug */ = {
			isa = XCBuildConfiguration;
			buildSettings = {
				CODE_SIGN_IDENTITY = "";
				CURRENT_PROJECT_VERSION = 1;
				DEFINES_MODULE = YES;
				DYLIB_COMPATIBILITY_VERSION = 1;
				DYLIB_CURRENT_VERSION = 1;
				DYLIB_INSTALL_NAME_BASE = "@rpath";
				INFOPLIST_FILE = "Derived/InfoPlists/Present-Info.plist";
				INSTALL_PATH = "$(LOCAL_LIBRARY_DIR)/Frameworks";
				IPHONEOS_DEPLOYMENT_TARGET = 16.0;
				LD_RUNPATH_SEARCH_PATHS = (
					"$(inherited)",
					"@executable_path/Frameworks",
					"@loader_path/Frameworks",
				);
				PRODUCT_BUNDLE_IDENTIFIER = com.den.growtimer.present;
				PRODUCT_NAME = Present;
				SDKROOT = iphoneos;
				SKIP_INSTALL = YES;
				SUPPORTS_MACCATALYST = NO;
				SUPPORTS_MAC_DESIGNED_FOR_IPHONE_IPAD = NO;
				SUPPORTS_XR_DESIGNED_FOR_IPHONE_IPAD = NO;
				SWIFT_ACTIVE_COMPILATION_CONDITIONS = "$(inherited) DEBUG";
				SWIFT_COMPILATION_MODE = singlefile;
				SWIFT_OPTIMIZATION_LEVEL = "-Onone";
				SWIFT_VERSION = 5.0;
				TARGETED_DEVICE_FAMILY = "1,2";
				VERSIONING_SYSTEM = "apple-generic";
				VERSION_INFO_PREFIX = "";
			};
			name = Debug;
		};
		66DB917758A67EE7BE770B36 /* Release */ = {
			isa = XCBuildConfiguration;
			buildSettings = {
				CODE_SIGN_IDENTITY = "iPhone Developer";
				INFOPLIST_FILE = "Derived/InfoPlists/PresentTests-Info.plist";
				IPHONEOS_DEPLOYMENT_TARGET = 16.0;
				LD_RUNPATH_SEARCH_PATHS = (
					"$(inherited)",
					"@executable_path/Frameworks",
					"@loader_path/Frameworks",
				);
				PRODUCT_BUNDLE_IDENTIFIER = com.den.growtimer.present.tests;
				PRODUCT_NAME = PresentTests;
				SDKROOT = iphoneos;
				SUPPORTS_MACCATALYST = NO;
				SUPPORTS_MAC_DESIGNED_FOR_IPHONE_IPAD = NO;
				SUPPORTS_XR_DESIGNED_FOR_IPHONE_IPAD = NO;
				SWIFT_COMPILATION_MODE = wholemodule;
				SWIFT_OPTIMIZATION_LEVEL = "-Owholemodule";
				SWIFT_VERSION = 5.0;
				TARGETED_DEVICE_FAMILY = "1,2";
			};
			name = Release;
		};
		7E4C8C418DE6DE9F116836A0 /* Release */ = {
			isa = XCBuildConfiguration;
			buildSettings = {
				CODE_SIGN_IDENTITY = "";
				CURRENT_PROJECT_VERSION = 1;
				DEFINES_MODULE = YES;
				DYLIB_COMPATIBILITY_VERSION = 1;
				DYLIB_CURRENT_VERSION = 1;
				DYLIB_INSTALL_NAME_BASE = "@rpath";
				INFOPLIST_FILE = "Derived/InfoPlists/Present-Info.plist";
				INSTALL_PATH = "$(LOCAL_LIBRARY_DIR)/Frameworks";
				IPHONEOS_DEPLOYMENT_TARGET = 16.0;
				LD_RUNPATH_SEARCH_PATHS = (
					"$(inherited)",
					"@executable_path/Frameworks",
					"@loader_path/Frameworks",
				);
				PRODUCT_BUNDLE_IDENTIFIER = com.den.growtimer.present;
				PRODUCT_NAME = Present;
				SDKROOT = iphoneos;
				SKIP_INSTALL = YES;
				SUPPORTS_MACCATALYST = NO;
				SUPPORTS_MAC_DESIGNED_FOR_IPHONE_IPAD = NO;
				SUPPORTS_XR_DESIGNED_FOR_IPHONE_IPAD = NO;
				SWIFT_COMPILATION_MODE = wholemodule;
				SWIFT_OPTIMIZATION_LEVEL = "-Owholemodule";
				SWIFT_VERSION = 5.0;
				TARGETED_DEVICE_FAMILY = "1,2";
				VERSIONING_SYSTEM = "apple-generic";
				VERSION_INFO_PREFIX = "";
			};
			name = Release;
		};
		8EEA176229B4D36C7920B3B6 /* Debug */ = {
			isa = XCBuildConfiguration;
			buildSettings = {
				ALWAYS_SEARCH_USER_PATHS = NO;
				CLANG_ANALYZER_LOCALIZABILITY_NONLOCALIZED = YES;
				CLANG_ANALYZER_NONNULL = YES;
				CLANG_ANALYZER_NUMBER_OBJECT_CONVERSION = YES_AGGRESSIVE;
				CLANG_CXX_LANGUAGE_STANDARD = "gnu++14";
				CLANG_CXX_LIBRARY = "libc++";
				CLANG_ENABLE_MODULES = YES;
				CLANG_ENABLE_OBJC_ARC = YES;
				CLANG_ENABLE_OBJC_WEAK = YES;
				CLANG_WARN_BLOCK_CAPTURE_AUTORELEASING = YES;
				CLANG_WARN_BOOL_CONVERSION = YES;
				CLANG_WARN_COMMA = YES;
				CLANG_WARN_CONSTANT_CONVERSION = YES;
				CLANG_WARN_DEPRECATED_OBJC_IMPLEMENTATIONS = YES;
				CLANG_WARN_DIRECT_OBJC_ISA_USAGE = YES_ERROR;
				CLANG_WARN_DOCUMENTATION_COMMENTS = YES;
				CLANG_WARN_EMPTY_BODY = YES;
				CLANG_WARN_ENUM_CONVERSION = YES;
				CLANG_WARN_INFINITE_RECURSION = YES;
				CLANG_WARN_INT_CONVERSION = YES;
				CLANG_WARN_NON_LITERAL_NULL_CONVERSION = YES;
				CLANG_WARN_OBJC_IMPLICIT_RETAIN_SELF = YES;
				CLANG_WARN_OBJC_LITERAL_CONVERSION = YES;
				CLANG_WARN_OBJC_ROOT_CLASS = YES_ERROR;
				CLANG_WARN_QUOTED_INCLUDE_IN_FRAMEWORK_HEADER = YES;
				CLANG_WARN_RANGE_LOOP_ANALYSIS = YES;
				CLANG_WARN_STRICT_PROTOTYPES = YES;
				CLANG_WARN_SUSPICIOUS_MOVE = YES;
				CLANG_WARN_UNGUARDED_AVAILABILITY = YES_AGGRESSIVE;
				CLANG_WARN_UNREACHABLE_CODE = YES;
				CLANG_WARN__DUPLICATE_METHOD_MATCH = YES;
				COPY_PHASE_STRIP = NO;
				DEAD_CODE_STRIPPING = YES;
				DEBUG_INFORMATION_FORMAT = dwarf;
				ENABLE_STRICT_OBJC_MSGSEND = YES;
				ENABLE_TESTABILITY = YES;
				GCC_C_LANGUAGE_STANDARD = gnu11;
				GCC_DYNAMIC_NO_PIC = NO;
				GCC_NO_COMMON_BLOCKS = YES;
				GCC_OPTIMIZATION_LEVEL = 0;
				GCC_PREPROCESSOR_DEFINITIONS = (
					"DEBUG=1",
					"$(inherited)",
				);
				GCC_WARN_64_TO_32_BIT_CONVERSION = YES;
				GCC_WARN_ABOUT_RETURN_TYPE = YES_ERROR;
				GCC_WARN_UNDECLARED_SELECTOR = YES;
				GCC_WARN_UNINITIALIZED_AUTOS = YES_AGGRESSIVE;
				GCC_WARN_UNUSED_FUNCTION = YES;
				GCC_WARN_UNUSED_VARIABLE = YES;
				MTL_ENABLE_DEBUG_INFO = YES;
				ONLY_ACTIVE_ARCH = YES;
				PRODUCT_NAME = "$(TARGET_NAME)";
			};
			name = Debug;
		};
		BCD8A4FF73D68F537EA035CF /* Release */ = {
			isa = XCBuildConfiguration;
			buildSettings = {
				ALWAYS_SEARCH_USER_PATHS = NO;
				CLANG_ANALYZER_LOCALIZABILITY_NONLOCALIZED = YES;
				CLANG_ANALYZER_NONNULL = YES;
				CLANG_ANALYZER_NUMBER_OBJECT_CONVERSION = YES_AGGRESSIVE;
				CLANG_CXX_LANGUAGE_STANDARD = "gnu++14";
				CLANG_CXX_LIBRARY = "libc++";
				CLANG_ENABLE_MODULES = YES;
				CLANG_ENABLE_OBJC_ARC = YES;
				CLANG_ENABLE_OBJC_WEAK = YES;
				CLANG_WARN_BLOCK_CAPTURE_AUTORELEASING = YES;
				CLANG_WARN_BOOL_CONVERSION = YES;
				CLANG_WARN_COMMA = YES;
				CLANG_WARN_CONSTANT_CONVERSION = YES;
				CLANG_WARN_DEPRECATED_OBJC_IMPLEMENTATIONS = YES;
				CLANG_WARN_DIRECT_OBJC_ISA_USAGE = YES_ERROR;
				CLANG_WARN_DOCUMENTATION_COMMENTS = YES;
				CLANG_WARN_EMPTY_BODY = YES;
				CLANG_WARN_ENUM_CONVERSION = YES;
				CLANG_WARN_INFINITE_RECURSION = YES;
				CLANG_WARN_INT_CONVERSION = YES;
				CLANG_WARN_NON_LITERAL_NULL_CONVERSION = YES;
				CLANG_WARN_OBJC_IMPLICIT_RETAIN_SELF = YES;
				CLANG_WARN_OBJC_LITERAL_CONVERSION = YES;
				CLANG_WARN_OBJC_ROOT_CLASS = YES_ERROR;
				CLANG_WARN_QUOTED_INCLUDE_IN_FRAMEWORK_HEADER = YES;
				CLANG_WARN_RANGE_LOOP_ANALYSIS = YES;
				CLANG_WARN_STRICT_PROTOTYPES = YES;
				CLANG_WARN_SUSPICIOUS_MOVE = YES;
				CLANG_WARN_UNGUARDED_AVAILABILITY = YES_AGGRESSIVE;
				CLANG_WARN_UNREACHABLE_CODE = YES;
				CLANG_WARN__DUPLICATE_METHOD_MATCH = YES;
				COPY_PHASE_STRIP = NO;
				DEAD_CODE_STRIPPING = YES;
				DEBUG_INFORMATION_FORMAT = "dwarf-with-dsym";
				ENABLE_NS_ASSERTIONS = NO;
				ENABLE_STRICT_OBJC_MSGSEND = YES;
				GCC_C_LANGUAGE_STANDARD = gnu11;
				GCC_NO_COMMON_BLOCKS = YES;
				GCC_WARN_64_TO_32_BIT_CONVERSION = YES;
				GCC_WARN_ABOUT_RETURN_TYPE = YES_ERROR;
				GCC_WARN_UNDECLARED_SELECTOR = YES;
				GCC_WARN_UNINITIALIZED_AUTOS = YES_AGGRESSIVE;
				GCC_WARN_UNUSED_FUNCTION = YES;
				GCC_WARN_UNUSED_VARIABLE = YES;
				MTL_ENABLE_DEBUG_INFO = NO;
				PRODUCT_NAME = "$(TARGET_NAME)";
				VALIDATE_PRODUCT = YES;
			};
			name = Release;
		};
		CD152E1D4DD8600F09DB5C51 /* Debug */ = {
			isa = XCBuildConfiguration;
			buildSettings = {
				CODE_SIGN_IDENTITY = "iPhone Developer";
				INFOPLIST_FILE = "Derived/InfoPlists/PresentTests-Info.plist";
				IPHONEOS_DEPLOYMENT_TARGET = 16.0;
				LD_RUNPATH_SEARCH_PATHS = (
					"$(inherited)",
					"@executable_path/Frameworks",
					"@loader_path/Frameworks",
				);
				PRODUCT_BUNDLE_IDENTIFIER = com.den.growtimer.present.tests;
				PRODUCT_NAME = PresentTests;
				SDKROOT = iphoneos;
				SUPPORTS_MACCATALYST = NO;
				SUPPORTS_MAC_DESIGNED_FOR_IPHONE_IPAD = NO;
				SUPPORTS_XR_DESIGNED_FOR_IPHONE_IPAD = NO;
				SWIFT_ACTIVE_COMPILATION_CONDITIONS = "$(inherited) DEBUG";
				SWIFT_COMPILATION_MODE = singlefile;
				SWIFT_OPTIMIZATION_LEVEL = "-Onone";
				SWIFT_VERSION = 5.0;
				TARGETED_DEVICE_FAMILY = "1,2";
			};
			name = Debug;
		};
/* End XCBuildConfiguration section */

/* Begin XCConfigurationList section */
		63C27E60859ACE23AF1F2C1F /* Build configuration list for PBXNativeTarget "PresentTests" */ = {
			isa = XCConfigurationList;
			buildConfigurations = (
				CD152E1D4DD8600F09DB5C51 /* Debug */,
				66DB917758A67EE7BE770B36 /* Release */,
			);
			defaultConfigurationIsVisible = 0;
			defaultConfigurationName = Release;
		};
		688F92ADC412CB9A8A181029 /* Build configuration list for PBXProject "Present" */ = {
			isa = XCConfigurationList;
			buildConfigurations = (
				8EEA176229B4D36C7920B3B6 /* Debug */,
				BCD8A4FF73D68F537EA035CF /* Release */,
			);
			defaultConfigurationIsVisible = 0;
			defaultConfigurationName = Release;
		};
		A8686801AD51985234F2E3C2 /* Build configuration list for PBXNativeTarget "Present" */ = {
			isa = XCConfigurationList;
			buildConfigurations = (
				39EF358B478F4C8802044209 /* Debug */,
				7E4C8C418DE6DE9F116836A0 /* Release */,
			);
			defaultConfigurationIsVisible = 0;
			defaultConfigurationName = Release;
		};
/* End XCConfigurationList section */
	};
	rootObject = C4B4B58952D75F695D49E2AB /* Project object */;
}
